
Microsoft Visual Studio Solution File, Format Version 12.00
# Visual Studio Version 16
VisualStudioVersion = 16.0.30804.86
MinimumVisualStudioVersion = 10.0.40219.1
Project("{8BC9CEB8-8B4A-11D0-8D11-00A0C91BC942}") = "rubiksCube", "rubiksCube\rubiksCube.vcxproj", "{CF1A789D-CEE5-4707-B8A4-5DC233AA5E12}"
EndProject
Global
	GlobalSection(SolutionConfigurationPlatforms) = preSolution
		Debug|x64 = Debug|x64
		Debug|x86 = Debug|x86
		Release|x64 = Release|x64
		Release|x86 = Release|x86
	EndGlobalSection
	GlobalSection(ProjectConfigurationPlatforms) = postSolution
		{CF1A789D-CEE5-4707-B8A4-5DC233AA5E12}.Debug|x64.ActiveCfg = Debug|x64
		{CF1A789D-CEE5-4707-B8A4-5DC233AA5E12}.Debug|x64.Build.0 = Debug|x64
		{CF1A789D-CEE5-4707-B8A4-5DC233AA5E12}.Debug|x86.ActiveCfg = Debug|Win32
		{CF1A789D-CEE5-4707-B8A4-5DC233AA5E12}.Debug|x86.Build.0 = Debug|Win32
		{CF1A789D-CEE5-4707-B8A4-5DC233AA5E12}.Release|x64.ActiveCfg = Release|x64
		{CF1A789D-CEE5-4707-B8A4-5DC233AA5E12}.Release|x64.Build.0 = Release|x64
		{CF1A789D-CEE5-4707-B8A4-5DC233AA5E12}.Release|x86.ActiveCfg = Release|Win32
		{CF1A789D-CEE5-4707-B8A4-5DC233AA5E12}.Release|x86.Build.0 = Release|Win32
	EndGlobalSection
	GlobalSection(SolutionProperties) = preSolution
		HideSolutionNode = FALSE
	EndGlobalSection
	GlobalSection(ExtensibilityGlobals) = postSolution
		SolutionGuid = {90167109-8E68-4A69-98C7-CCAFEE4C80DE}
	EndGlobalSection
EndGlobal
